
Microsoft Visual Studio Solution File, Format Version 12.00
# Visual Studio Version 16
VisualStudioVersion = 16.0.29709.97
MinimumVisualStudioVersion = 10.0.40219.1
Project("{FAE04EC0-301F-11D3-BF4B-00C04F79EFBC}") = "Secret", "Secret\Secret.csproj", "{3F9BEFC1-BC64-4302-87DF-F22D128BB924}"
EndProject
Global
	GlobalSection(SolutionConfigurationPlatforms) = preSolution
		Debug|Any CPU = Debug|Any CPU
		Release|Any CPU = Release|Any CPU
	EndGlobalSection
	GlobalSection(ProjectConfigurationPlatforms) = postSolution
		{3F9BEFC1-BC64-4302-87DF-F22D128BB924}.Debug|Any CPU.ActiveCfg = Debug|Any CPU
		{3F9BEFC1-BC64-4302-87DF-F22D128BB924}.Debug|Any CPU.Build.0 = Debug|Any CPU
		{3F9BEFC1-BC64-4302-87DF-F22D128BB924}.Release|Any CPU.ActiveCfg = Release|Any CPU
		{3F9BEFC1-BC64-4302-87DF-F22D128BB924}.Release|Any CPU.Build.0 = Release|Any CPU
	EndGlobalSection
	GlobalSection(SolutionProperties) = preSolution
		HideSolutionNode = FALSE
	EndGlobalSection
	GlobalSection(ExtensibilityGlobals) = postSolution
		SolutionGuid = {CA945324-71AF-42B4-898A-AAA41F9BBA11}
	EndGlobalSection
EndGlobal
